
Microsoft Visual Studio Solution File, Format Version 12.00
# Visual Studio Version 17
VisualStudioVersion = 17.1.32228.430
MinimumVisualStudioVersion = 10.0.40219.1
Project("{FAE04EC0-301F-11D3-BF4B-00C04F79EFBC}") = "App", "App.csproj", "{D4ECEE00-08A9-447B-8E73-5ACCA8E35CFE}"
EndProject
Global
	GlobalSection(SolutionConfigurationPlatforms) = preSolution
		Debug|Any CPU = Debug|Any CPU
		Release|Any CPU = Release|Any CPU
	EndGlobalSection
	GlobalSection(ProjectConfigurationPlatforms) = postSolution
		{D4ECEE00-08A9-447B-8E73-5ACCA8E35CFE}.Debug|Any CPU.ActiveCfg = Debug|Any CPU
		{D4ECEE00-08A9-447B-8E73-5ACCA8E35CFE}.Debug|Any CPU.Build.0 = Debug|Any CPU
		{D4ECEE00-08A9-447B-8E73-5ACCA8E35CFE}.Release|Any CPU.ActiveCfg = Release|Any CPU
		{D4ECEE00-08A9-447B-8E73-5ACCA8E35CFE}.Release|Any CPU.Build.0 = Release|Any CPU
	EndGlobalSection
	GlobalSection(SolutionProperties) = preSolution
		HideSolutionNode = FALSE
	EndGlobalSection
	GlobalSection(ExtensibilityGlobals) = postSolution
		SolutionGuid = {300CBF83-D3B8-4B2D-B88F-E223009DF5F6}
	EndGlobalSection
EndGlobal
